
Microsoft Visual Studio Solution File, Format Version 12.00
# Visual Studio Version 17
VisualStudioVersion = 17.11.35312.102
MinimumVisualStudioVersion = 10.0.40219.1
Project("{9A19103F-16F7-4668-BE54-9A1E7A4F7556}") = "CrudNet8MVC", "CrudNet8MVC.csproj", "{022C8F64-D9AE-4445-BAFA-CD2FDFDA2712}"
EndProject
Global
	GlobalSection(SolutionConfigurationPlatforms) = preSolution
		Debug|Any CPU = Debug|Any CPU
		Release|Any CPU = Release|Any CPU
	EndGlobalSection
	GlobalSection(ProjectConfigurationPlatforms) = postSolution
		{022C8F64-D9AE-4445-BAFA-CD2FDFDA2712}.Debug|Any CPU.ActiveCfg = Debug|Any CPU
		{022C8F64-D9AE-4445-BAFA-CD2FDFDA2712}.Debug|Any CPU.Build.0 = Debug|Any CPU
		{022C8F64-D9AE-4445-BAFA-CD2FDFDA2712}.Release|Any CPU.ActiveCfg = Release|Any CPU
		{022C8F64-D9AE-4445-BAFA-CD2FDFDA2712}.Release|Any CPU.Build.0 = Release|Any CPU
	EndGlobalSection
	GlobalSection(SolutionProperties) = preSolution
		HideSolutionNode = FALSE
	EndGlobalSection
	GlobalSection(ExtensibilityGlobals) = postSolution
		SolutionGuid = {FE5DE2D6-BEA3-46DA-85D4-4058A4836842}
	EndGlobalSection
EndGlobal
